// !$*UTF8*$!
{
	archiveVersion = 1;
	classes = {
	};
	objectVersion = 46;
	objects = {

/* Begin PBXBuildFile section */
		4E69F5EA1EAE448300753489 /* AppDelegate.swift in Sources */ = {isa = PBXBuildFile; fileRef = 4E69F5E91EAE448300753489 /* AppDelegate.swift */; };
		4E69F5EF1EAE448300753489 /* Main.storyboard in Resources */ = {isa = PBXBuildFile; fileRef = 4E69F5ED1EAE448300753489 /* Main.storyboard */; };
		4E69F5F11EAE448300753489 /* Assets.xcassets in Resources */ = {isa = PBXBuildFile; fileRef = 4E69F5F01EAE448300753489 /* Assets.xcassets */; };
		4E69F5F41EAE448300753489 /* LaunchScreen.storyboard in Resources */ = {isa = PBXBuildFile; fileRef = 4E69F5F21EAE448300753489 /* LaunchScreen.storyboard */; };
		4E69F5FF1EAE448300753489 /* DouYuZBLTests.swift in Sources */ = {isa = PBXBuildFile; fileRef = 4E69F5FE1EAE448300753489 /* DouYuZBLTests.swift */; };
		4E69F60A1EAE448400753489 /* DouYuZBLUITests.swift in Sources */ = {isa = PBXBuildFile; fileRef = 4E69F6091EAE448400753489 /* DouYuZBLUITests.swift */; };
/* End PBXBuildFile section */

/* Begin PBXContainerItemProxy section */
		4E69F5FB1EAE448300753489 /* PBXContainerItemProxy */ = {
			isa = PBXContainerItemProxy;
			containerPortal = 4E69F5DE1EAE448300753489 /* Project object */;
			proxyType = 1;
			remoteGlobalIDString = 4E69F5E51EAE448300753489;
			remoteInfo = DouYuZBL;
		};
		4E69F6061EAE448300753489 /* PBXContainerItemProxy */ = {
			isa = PBXContainerItemProxy;
			containerPortal = 4E69F5DE1EAE448300753489 /* Project object */;
			proxyType = 1;
			remoteGlobalIDString = 4E69F5E51EAE448300753489;
			remoteInfo = DouYuZBL;
		};
/* End PBXContainerItemProxy section */

/* Begin PBXFileReference section */
		4E69F5E61EAE448300753489 /* DouYuZBL.app */ = {isa = PBXFileReference; explicitFileType = wrapper.application; includeInIndex = 0; path = DouYuZBL.app; sourceTree = BUILT_PRODUCTS_DIR; };
		4E69F5E91EAE448300753489 /* AppDelegate.swift */ = {isa = PBXFileReference; lastKnownFileType = sourcecode.swift; path = AppDelegate.swift; sourceTree = "<group>"; };
		4E69F5EE1EAE448300753489 /* Base */ = {isa = PBXFileReference; lastKnownFileType = file.storyboard; name = Base; path = Base.lproj/Main.storyboard; sourceTree = "<group>"; };
		4E69F5F01EAE448300753489 /* Assets.xcassets */ = {isa = PBXFileReference; lastKnownFileType = folder.assetcatalog; path = Assets.xcassets; sourceTree = "<group>"; };
		4E69F5F31EAE448300753489 /* Base */ = {isa = PBXFileReference; lastKnownFileType = file.storyboard; name = Base; path = Base.lproj/LaunchScreen.storyboard; sourceTree = "<group>"; };
		4E69F5F51EAE448300753489 /* Info.plist */ = {isa = PBXFileReference; lastKnownFileType = text.plist.xml; path = Info.plist; sourceTree = "<group>"; };
		4E69F5FA1EAE448300753489 /* DouYuZBLTests.xctest */ = {isa = PBXFileReference; explicitFileType = wrapper.cfbundle; includeInIndex = 0; path = DouYuZBLTests.xctest; sourceTree = BUILT_PRODUCTS_DIR; };
		4E69F5FE1EAE448300753489 /* DouYuZBLTests.swift */ = {isa = PBXFileReference; lastKnownFileType = sourcecode.swift; path = DouYuZBLTests.swift; sourceTree = "<group>"; };
		4E69F6001EAE448300753489 /* Info.plist */ = {isa = PBXFileReference; lastKnownFileType = text.plist.xml; path = Info.plist; sourceTree = "<group>"; };
		4E69F6051EAE448300753489 /* DouYuZBLUITests.xctest */ = {isa = PBXFileReference; explicitFileType = wrapper.cfbundle; includeInIndex = 0; path = DouYuZBLUITests.xctest; sourceTree = BUILT_PRODUCTS_DIR; };
		4E69F6091EAE448400753489 /* DouYuZBLUITests.swift */ = {isa = PBXFileReference; lastKnownFileType = sourcecode.swift; path = DouYuZBLUITests.swift; sourceTree = "<group>"; };
		4E69F60B1EAE448400753489 /* Info.plist */ = {isa = PBXFileReference; lastKnownFileType = text.plist.xml; path = Info.plist; sourceTree = "<group>"; };
/* End PBXFileReference section */

/* Begin PBXFrameworksBuildPhase section */
		4E69F5E31EAE448300753489 /* Frameworks */ = {
			isa = PBXFrameworksBuildPhase;
			buildActionMask = 2147483647;
			files = (
			);
			runOnlyForDeploymentPostprocessing = 0;
		};
		4E69F5F71EAE448300753489 /* Frameworks */ = {
			isa = PBXFrameworksBuildPhase;
			buildActionMask = 2147483647;
			files = (
			);
			runOnlyForDeploymentPostprocessing = 0;
		};
		4E69F6021EAE448300753489 /* Frameworks */ = {
			isa = PBXFrameworksBuildPhase;
			buildActionMask = 2147483647;
			files = (
			);
			runOnlyForDeploymentPostprocessing = 0;
		};
/* End PBXFrameworksBuildPhase section */

/* Begin PBXGroup section */
		4E69F5DD1EAE448300753489 = {
			isa = PBXGroup;
			children = (
				4E69F5E81EAE448300753489 /* DouYuZBL */,
				4E69F5FD1EAE448300753489 /* DouYuZBLTests */,
				4E69F6081EAE448300753489 /* DouYuZBLUITests */,
				4E69F5E71EAE448300753489 /* Products */,
			);
			sourceTree = "<group>";
		};
		4E69F5E71EAE448300753489 /* Products */ = {
			isa = PBXGroup;
			children = (
				4E69F5E61EAE448300753489 /* DouYuZBL.app */,
				4E69F5FA1EAE448300753489 /* DouYuZBLTests.xctest */,
				4E69F6051EAE448300753489 /* DouYuZBLUITests.xctest */,
			);
			name = Products;
			sourceTree = "<group>";
		};
		4E69F5E81EAE448300753489 /* DouYuZBL */ = {
			isa = PBXGroup;
			children = (
				4E69F6171EAE484300753489 /* Classes */,
				4E69F5E91EAE448300753489 /* AppDelegate.swift */,
				4E69F5ED1EAE448300753489 /* Main.storyboard */,
				4E69F5F01EAE448300753489 /* Assets.xcassets */,
				4E69F5F21EAE448300753489 /* LaunchScreen.storyboard */,
				4E69F5F51EAE448300753489 /* Info.plist */,
			);
			path = DouYuZBL;
			sourceTree = "<group>";
		};
		4E69F5FD1EAE448300753489 /* DouYuZBLTests */ = {
			isa = PBXGroup;
			children = (
				4E69F5FE1EAE448300753489 /* DouYuZBLTests.swift */,
				4E69F6001EAE448300753489 /* Info.plist */,
			);
			path = DouYuZBLTests;
			sourceTree = "<group>";
		};
		4E69F6081EAE448300753489 /* DouYuZBLUITests */ = {
			isa = PBXGroup;
			children = (
				4E69F6091EAE448400753489 /* DouYuZBLUITests.swift */,
				4E69F60B1EAE448400753489 /* Info.plist */,
			);
			path = DouYuZBLUITests;
			sourceTree = "<group>";
		};
		4E69F6171EAE484300753489 /* Classes */ = {
			isa = PBXGroup;
			children = (
				4E69F6181EAE484300753489 /* Follow */,
				4E69F6191EAE484300753489 /* Home */,
				4E69F61A1EAE484300753489 /* Live */,
				4E69F61B1EAE484300753489 /* Main */,
				4E69F61C1EAE484300753489 /* Profile */,
				4E69F61D1EAE484300753489 /* Tools */,
			);
			path = Classes;
			sourceTree = "<group>";
		};
		4E69F6181EAE484300753489 /* Follow */ = {
			isa = PBXGroup;
			children = (
			);
			path = Follow;
			sourceTree = "<group>";
		};
		4E69F6191EAE484300753489 /* Home */ = {
			isa = PBXGroup;
			children = (
			);
			path = Home;
			sourceTree = "<group>";
		};
		4E69F61A1EAE484300753489 /* Live */ = {
			isa = PBXGroup;
			children = (
			);
			path = Live;
			sourceTree = "<group>";
		};
		4E69F61B1EAE484300753489 /* Main */ = {
			isa = PBXGroup;
			children = (
			);
			path = Main;
			sourceTree = "<group>";
		};
		4E69F61C1EAE484300753489 /* Profile */ = {
			isa = PBXGroup;
			children = (
			);
			path = Profile;
			sourceTree = "<group>";
		};
		4E69F61D1EAE484300753489 /* Tools */ = {
			isa = PBXGroup;
			children = (
			);
			path = Tools;
			sourceTree = "<group>";
		};
/* End PBXGroup section */

/* Begin PBXNativeTarget section */
		4E69F5E51EAE448300753489 /* DouYuZBL */ = {
			isa = PBXNativeTarget;
			buildConfigurationList = 4E69F60E1EAE448400753489 /* Build configuration list for PBXNativeTarget "DouYuZBL" */;
			buildPhases = (
				4E69F5E21EAE448300753489 /* Sources */,
				4E69F5E31EAE448300753489 /* Frameworks */,
				4E69F5E41EAE448300753489 /* Resources */,
			);
			buildRules = (
			);
			dependencies = (
			);
			name = DouYuZBL;
			productName = DouYuZBL;
			productReference = 4E69F5E61EAE448300753489 /* DouYuZBL.app */;
			productType = "com.apple.product-type.application";
		};
		4E69F5F91EAE448300753489 /* DouYuZBLTests */ = {
			isa = PBXNativeTarget;
			buildConfigurationList = 4E69F6111EAE448400753489 /* Build configuration list for PBXNativeTarget "DouYuZBLTests" */;
			buildPhases = (
				4E69F5F61EAE448300753489 /* Sources */,
				4E69F5F71EAE448300753489 /* Frameworks */,
				4E69F5F81EAE448300753489 /* Resources */,
			);
			buildRules = (
			);
			dependencies = (
				4E69F5FC1EAE448300753489 /* PBXTargetDependency */,
			);
			name = DouYuZBLTests;
			productName = DouYuZBLTests;
			productReference = 4E69F5FA1EAE448300753489 /* DouYuZBLTests.xctest */;
			productType = "com.apple.product-type.bundle.unit-test";
		};
		4E69F6041EAE448300753489 /* DouYuZBLUITests */ = {
			isa = PBXNativeTarget;
			buildConfigurationList = 4E69F6141EAE448400753489 /* Build configuration list for PBXNativeTarget "DouYuZBLUITests" */;
			buildPhases = (
				4E69F6011EAE448300753489 /* Sources */,
				4E69F6021EAE448300753489 /* Frameworks */,
				4E69F6031EAE448300753489 /* Resources */,
			);
			buildRules = (
			);
			dependencies = (
				4E69F6071EAE448300753489 /* PBXTargetDependency */,
			);
			name = DouYuZBLUITests;
			productName = DouYuZBLUITests;
			productReference = 4E69F6051EAE448300753489 /* DouYuZBLUITests.xctest */;
			productType = "com.apple.product-type.bundle.ui-testing";
		};
/* End PBXNativeTarget section */

/* Begin PBXProject section */
		4E69F5DE1EAE448300753489 /* Project object */ = {
			isa = PBXProject;
			attributes = {
				LastSwiftUpdateCheck = 0830;
				LastUpgradeCheck = 0830;
				ORGANIZATIONNAME = liqi;
				TargetAttributes = {
					4E69F5E51EAE448300753489 = {
						CreatedOnToolsVersion = 8.3.1;
						ProvisioningStyle = Automatic;
					};
					4E69F5F91EAE448300753489 = {
						CreatedOnToolsVersion = 8.3.1;
						ProvisioningStyle = Automatic;
						TestTargetID = 4E69F5E51EAE448300753489;
					};
					4E69F6041EAE448300753489 = {
						CreatedOnToolsVersion = 8.3.1;
						ProvisioningStyle = Automatic;
						TestTargetID = 4E69F5E51EAE448300753489;
					};
				};
			};
			buildConfigurationList = 4E69F5E11EAE448300753489 /* Build configuration list for PBXProject "DouYuZBL" */;
			compatibilityVersion = "Xcode 3.2";
			developmentRegion = English;
			hasScannedForEncodings = 0;
			knownRegions = (
				en,
				Base,
			);
			mainGroup = 4E69F5DD1EAE448300753489;
			productRefGroup = 4E69F5E71EAE448300753489 /* Products */;
			projectDirPath = "";
			projectRoot = "";
			targets = (
				4E69F5E51EAE448300753489 /* DouYuZBL */,
				4E69F5F91EAE448300753489 /* DouYuZBLTests */,
				4E69F6041EAE448300753489 /* DouYuZBLUITests */,
			);
		};
/* End PBXProject section */

/* Begin PBXResourcesBuildPhase section */
		4E69F5E41EAE448300753489 /* Resources */ = {
			isa = PBXResourcesBuildPhase;
			buildActionMask = 2147483647;
			files = (
				4E69F5F41EAE448300753489 /* LaunchScreen.storyboard in Resources */,
				4E69F5F11EAE448300753489 /* Assets.xcassets in Resources */,
				4E69F5EF1EAE448300753489 /* Main.storyboard in Resources */,
			);
			runOnlyForDeploymentPostprocessing = 0;
		};
		4E69F5F81EAE448300753489 /* Resources */ = {
			isa = PBXResourcesBuildPhase;
			buildActionMask = 2147483647;
			files = (
			);
			runOnlyForDeploymentPostprocessing = 0;
		};
		4E69F6031EAE448300753489 /* Resources */ = {
			isa = PBXResourcesBuildPhase;
			buildActionMask = 2147483647;
			files = (
			);
			runOnlyForDeploymentPostprocessing = 0;
		};
/* End PBXResourcesBuildPhase section */

/* Begin PBXSourcesBuildPhase section */
		4E69F5E21EAE448300753489 /* Sources */ = {
			isa = PBXSourcesBuildPhase;
			buildActionMask = 2147483647;
			files = (
				4E69F5EA1EAE448300753489 /* AppDelegate.swift in Sources */,
			);
			runOnlyForDeploymentPostprocessing = 0;
		};
		4E69F5F61EAE448300753489 /* Sources */ = {
			isa = PBXSourcesBuildPhase;
			buildActionMask = 2147483647;
			files = (
				4E69F5FF1EAE448300753489 /* DouYuZBLTests.swift in Sources */,
			);
			runOnlyForDeploymentPostprocessing = 0;
		};
		4E69F6011EAE448300753489 /* Sources */ = {
			isa = PBXSourcesBuildPhase;
			buildActionMask = 2147483647;
			files = (
				4E69F60A1EAE448400753489 /* DouYuZBLUITests.swift in Sources */,
			);
			runOnlyForDeploymentPostprocessing = 0;
		};
/* End PBXSourcesBuildPhase section */

/* Begin PBXTargetDependency section */
		4E69F5FC1EAE448300753489 /* PBXTargetDependency */ = {
			isa = PBXTargetDependency;
			target = 4E69F5E51EAE448300753489 /* DouYuZBL */;
			targetProxy = 4E69F5FB1EAE448300753489 /* PBXContainerItemProxy */;
		};
		4E69F6071EAE448300753489 /* PBXTargetDependency */ = {
			isa = PBXTargetDependency;
			target = 4E69F5E51EAE448300753489 /* DouYuZBL */;
			targetProxy = 4E69F6061EAE448300753489 /* PBXContainerItemProxy */;
		};
/* End PBXTargetDependency section */

/* Begin PBXVariantGroup section */
		4E69F5ED1EAE448300753489 /* Main.storyboard */ = {
			isa = PBXVariantGroup;
			children = (
				4E69F5EE1EAE448300753489 /* Base */,
			);
			name = Main.storyboard;
			sourceTree = "<group>";
		};
		4E69F5F21EAE448300753489 /* LaunchScreen.storyboard */ = {
			isa = PBXVariantGroup;
			children = (
				4E69F5F31EAE448300753489 /* Base */,
			);
			name = LaunchScreen.storyboard;
			sourceTree = "<group>";
		};
/* End PBXVariantGroup section */

/* Begin XCBuildConfiguration section */
		4E69F60C1EAE448400753489 /* Debug */ = {
			isa = XCBuildConfiguration;
			buildSettings = {
				ALWAYS_SEARCH_USER_PATHS = NO;
				CLANG_ANALYZER_NONNULL = YES;
				CLANG_ANALYZER_NUMBER_OBJECT_CONVERSION = YES_AGGRESSIVE;
				CLANG_CXX_LANGUAGE_STANDARD = "gnu++0x";
				CLANG_CXX_LIBRARY = "libc++";
				CLANG_ENABLE_MODULES = YES;
				CLANG_ENABLE_OBJC_ARC = YES;
				CLANG_WARN_BOOL_CONVERSION = YES;
				CLANG_WARN_CONSTANT_CONVERSION = YES;
				CLANG_WARN_DIRECT_OBJC_ISA_USAGE = YES_ERROR;
				CLANG_WARN_DOCUMENTATION_COMMENTS = YES;
				CLANG_WARN_EMPTY_BODY = YES;
				CLANG_WARN_ENUM_CONVERSION = YES;
				CLANG_WARN_INFINITE_RECURSION = YES;
				CLANG_WARN_INT_CONVERSION = YES;
				CLANG_WARN_OBJC_ROOT_CLASS = YES_ERROR;
				CLANG_WARN_SUSPICIOUS_MOVE = YES;
				CLANG_WARN_UNREACHABLE_CODE = YES;
				CLANG_WARN__DUPLICATE_METHOD_MATCH = YES;
				"CODE_SIGN_IDENTITY[sdk=iphoneos*]" = "iPhone Developer";
				COPY_PHASE_STRIP = NO;
				DEBUG_INFORMATION_FORMAT = dwarf;
				ENABLE_STRICT_OBJC_MSGSEND = YES;
				ENABLE_TESTABILITY = YES;
				GCC_C_LANGUAGE_STANDARD = gnu99;
				GCC_DYNAMIC_NO_PIC = NO;
				GCC_NO_COMMON_BLOCKS = YES;
				GCC_OPTIMIZATION_LEVEL = 0;
				GCC_PREPROCESSOR_DEFINITIONS = (
					"DEBUG=1",
					"$(inherited)",
				);
				GCC_WARN_64_TO_32_BIT_CONVERSION = YES;
				GCC_WARN_ABOUT_RETURN_TYPE = YES_ERROR;
				GCC_WARN_UNDECLARED_SELECTOR = YES;
				GCC_WARN_UNINITIALIZED_AUTOS = YES_AGGRESSIVE;
				GCC_WARN_UNUSED_FUNCTION = YES;
				GCC_WARN_UNUSED_VARIABLE = YES;
				IPHONEOS_DEPLOYMENT_TARGET = 10.3;
				MTL_ENABLE_DEBUG_INFO = YES;
				ONLY_ACTIVE_ARCH = YES;
				SDKROOT = iphoneos;
				SWIFT_ACTIVE_COMPILATION_CONDITIONS = DEBUG;
				SWIFT_OPTIMIZATION_LEVEL = "-Onone";
				TARGETED_DEVICE_FAMILY = "1,2";
			};
			name = Debug;
		};
		4E69F60D1EAE448400753489 /* Release */ = {
			isa = XCBuildConfiguration;
			buildSettings = {
				ALWAYS_SEARCH_USER_PATHS = NO;
				CLANG_ANALYZER_NONNULL = YES;
				CLANG_ANALYZER_NUMBER_OBJECT_CONVERSION = YES_AGGRESSIVE;
				CLANG_CXX_LANGUAGE_STANDARD = "gnu++0x";
				CLANG_CXX_LIBRARY = "libc++";
				CLANG_ENABLE_MODULES = YES;
				CLANG_ENABLE_OBJC_ARC = YES;
				CLANG_WARN_BOOL_CONVERSION = YES;
				CLANG_WARN_CONSTANT_CONVERSION = YES;
				CLANG_WARN_DIRECT_OBJC_ISA_USAGE = YES_ERROR;
				CLANG_WARN_DOCUMENTATION_COMMENTS = YES;
				CLANG_WARN_EMPTY_BODY = YES;
				CLANG_WARN_ENUM_CONVERSION = YES;
				CLANG_WARN_INFINITE_RECURSION = YES;
				CLANG_WARN_INT_CONVERSION = YES;
				CLANG_WARN_OBJC_ROOT_CLASS = YES_ERROR;
				CLANG_WARN_SUSPICIOUS_MOVE = YES;
				CLANG_WARN_UNREACHABLE_CODE = YES;
				CLANG_WARN__DUPLICATE_METHOD_MATCH = YES;
				"CODE_SIGN_IDENTITY[sdk=iphoneos*]" = "iPhone Developer";
				COPY_PHASE_STRIP = NO;
				DEBUG_INFORMATION_FORMAT = "dwarf-with-dsym";
				ENABLE_NS_ASSERTIONS = NO;
				ENABLE_STRICT_OBJC_MSGSEND = YES;
				GCC_C_LANGUAGE_STANDARD = gnu99;
				GCC_NO_COMMON_BLOCKS = YES;
				GCC_WARN_64_TO_32_BIT_CONVERSION = YES;
				GCC_WARN_ABOUT_RETURN_TYPE = YES_ERROR;
				GCC_WARN_UNDECLARED_SELECTOR = YES;
				GCC_WARN_UNINITIALIZED_AUTOS = YES_AGGRESSIVE;
				GCC_WARN_UNUSED_FUNCTION = YES;
				GCC_WARN_UNUSED_VARIABLE = YES;
				IPHONEOS_DEPLOYMENT_TARGET = 10.3;
				MTL_ENABLE_DEBUG_INFO = NO;
				SDKROOT = iphoneos;
				SWIFT_OPTIMIZATION_LEVEL = "-Owholemodule";
				TARGETED_DEVICE_FAMILY = "1,2";
				VALIDATE_PRODUCT = YES;
			};
			name = Release;
		};
		4E69F60F1EAE448400753489 /* Debug */ = {
			isa = XCBuildConfiguration;
			buildSettings = {
				ASSETCATALOG_COMPILER_APPICON_NAME = AppIcon;
				ASSETCATALOG_COMPILER_LAUNCHIMAGE_NAME = LaunchImage;
				INFOPLIST_FILE = DouYuZBL/Info.plist;
				IPHONEOS_DEPLOYMENT_TARGET = 9.0;
				LD_RUNPATH_SEARCH_PATHS = "$(inherited) @executable_path/Frameworks";
				PRODUCT_BUNDLE_IDENTIFIER = com.liqi.DL;
				PRODUCT_NAME = "$(TARGET_NAME)";
				SWIFT_VERSION = 3.0;
			};
			name = Debug;
		};
		4E69F6101EAE448400753489 /* Release */ = {
			isa = XCBuildConfiguration;
			buildSettings = {
				ASSETCATALOG_COMPILER_APPICON_NAME = AppIcon;
				ASSETCATALOG_COMPILER_LAUNCHIMAGE_NAME = LaunchImage;
				INFOPLIST_FILE = DouYuZBL/Info.plist;
				IPHONEOS_DEPLOYMENT_TARGET = 9.0;
				LD_RUNPATH_SEARCH_PATHS = "$(inherited) @executable_path/Frameworks";
				PRODUCT_BUNDLE_IDENTIFIER = com.liqi.DL;
				PRODUCT_NAME = "$(TARGET_NAME)";
				SWIFT_VERSION = 3.0;
			};
			name = Release;
		};
		4E69F6121EAE448400753489 /* Debug */ = {
			isa = XCBuildConfiguration;
			buildSettings = {
				ALWAYS_EMBED_SWIFT_STANDARD_LIBRARIES = YES;
				BUNDLE_LOADER = "$(TEST_HOST)";
				INFOPLIST_FILE = DouYuZBLTests/Info.plist;
				LD_RUNPATH_SEARCH_PATHS = "$(inherited) @executable_path/Frameworks @loader_path/Frameworks";
				PRODUCT_BUNDLE_IDENTIFIER = "-11.DouYuZBLTests";
				PRODUCT_NAME = "$(TARGET_NAME)";
				SWIFT_VERSION = 3.0;
				TEST_HOST = "$(BUILT_PRODUCTS_DIR)/DouYuZBL.app/DouYuZBL";
			};
			name = Debug;
		};
		4E69F6131EAE448400753489 /* Release */ = {
			isa = XCBuildConfiguration;
			buildSettings = {
				ALWAYS_EMBED_SWIFT_STANDARD_LIBRARIES = YES;
				BUNDLE_LOADER = "$(TEST_HOST)";
				INFOPLIST_FILE = DouYuZBLTests/Info.plist;
				LD_RUNPATH_SEARCH_PATHS = "$(inherited) @executable_path/Frameworks @loader_path/Frameworks";
				PRODUCT_BUNDLE_IDENTIFIER = "-11.DouYuZBLTests";
				PRODUCT_NAME = "$(TARGET_NAME)";
				SWIFT_VERSION = 3.0;
				TEST_HOST = "$(BUILT_PRODUCTS_DIR)/DouYuZBL.app/DouYuZBL";
			};
			name = Release;
		};
		4E69F6151EAE448400753489 /* Debug */ = {
			isa = XCBuildConfiguration;
			buildSettings = {
				ALWAYS_EMBED_SWIFT_STANDARD_LIBRARIES = YES;
				INFOPLIST_FILE = DouYuZBLUITests/Info.plist;
				LD_RUNPATH_SEARCH_PATHS = "$(inherited) @executable_path/Frameworks @loader_path/Frameworks";
				PRODUCT_BUNDLE_IDENTIFIER = "-11.DouYuZBLUITests";
				PRODUCT_NAME = "$(TARGET_NAME)";
				SWIFT_VERSION = 3.0;
				TEST_TARGET_NAME = DouYuZBL;
			};
			name = Debug;
		};
		4E69F6161EAE448400753489 /* Release */ = {
			isa = XCBuildConfiguration;
			buildSettings = {
				ALWAYS_EMBED_SWIFT_STANDARD_LIBRARIES = YES;
				INFOPLIST_FILE = DouYuZBLUITests/Info.plist;
				LD_RUNPATH_SEARCH_PATHS = "$(inherited) @executable_path/Frameworks @loader_path/Frameworks";
				PRODUCT_BUNDLE_IDENTIFIER = "-11.DouYuZBLUITests";
				PRODUCT_NAME = "$(TARGET_NAME)";
				SWIFT_VERSION = 3.0;
				TEST_TARGET_NAME = DouYuZBL;
			};
			name = Release;
		};
/* End XCBuildConfiguration section */

/* Begin XCConfigurationList section */
		4E69F5E11EAE448300753489 /* Build configuration list for PBXProject "DouYuZBL" */ = {
			isa = XCConfigurationList;
			buildConfigurations = (
				4E69F60C1EAE448400753489 /* Debug */,
				4E69F60D1EAE448400753489 /* Release */,
			);
			defaultConfigurationIsVisible = 0;
			defaultConfigurationName = Release;
		};
		4E69F60E1EAE448400753489 /* Build configuration list for PBXNativeTarget "DouYuZBL" */ = {
			isa = XCConfigurationList;
			buildConfigurations = (
				4E69F60F1EAE448400753489 /* Debug */,
				4E69F6101EAE448400753489 /* Release */,
			);
			defaultConfigurationIsVisible = 0;
			defaultConfigurationName = Release;
		};
		4E69F6111EAE448400753489 /* Build configuration list for PBXNativeTarget "DouYuZBLTests" */ = {
			isa = XCConfigurationList;
			buildConfigurations = (
				4E69F6121EAE448400753489 /* Debug */,
				4E69F6131EAE448400753489 /* Release */,
			);
			defaultConfigurationIsVisible = 0;
			defaultConfigurationName = Release;
		};
		4E69F6141EAE448400753489 /* Build configuration list for PBXNativeTarget "DouYuZBLUITests" */ = {
			isa = XCConfigurationList;
			buildConfigurations = (
				4E69F6151EAE448400753489 /* Debug */,
				4E69F6161EAE448400753489 /* Release */,
			);
			defaultConfigurationIsVisible = 0;
			defaultConfigurationName = Release;
		};
/* End XCConfigurationList section */
	};
	rootObject = 4E69F5DE1EAE448300753489 /* Project object */;
}
